
Microsoft Visual Studio Solution File, Format Version 12.00
# Visual Studio Version 17
VisualStudioVersion = 17.7.34003.232
MinimumVisualStudioVersion = 10.0.40219.1
Project("{FAE04EC0-301F-11D3-BF4B-00C04F79EFBC}") = "YizkorBooksDigitalizer", "YizkorBooksDigitalizer\YizkorBooksDigitalizer.csproj", "{265AADEC-4381-442E-BD5D-91B1572FC003}"
EndProject
Global
	GlobalSection(SolutionConfigurationPlatforms) = preSolution
		Debug|Any CPU = Debug|Any CPU
		Release|Any CPU = Release|Any CPU
	EndGlobalSection
	GlobalSection(ProjectConfigurationPlatforms) = postSolution
		{265AADEC-4381-442E-BD5D-91B1572FC003}.Debug|Any CPU.ActiveCfg = Debug|Any CPU
		{265AADEC-4381-442E-BD5D-91B1572FC003}.Debug|Any CPU.Build.0 = Debug|Any CPU
		{265AADEC-4381-442E-BD5D-91B1572FC003}.Release|Any CPU.ActiveCfg = Release|Any CPU
		{265AADEC-4381-442E-BD5D-91B1572FC003}.Release|Any CPU.Build.0 = Release|Any CPU
	EndGlobalSection
	GlobalSection(SolutionProperties) = preSolution
		HideSolutionNode = FALSE
	EndGlobalSection
	GlobalSection(ExtensibilityGlobals) = postSolution
		SolutionGuid = {E8950E5F-A10C-46EC-95B9-8ED4E072F2EF}
	EndGlobalSection
EndGlobal
